
Microsoft Visual Studio Solution File, Format Version 12.00
# Visual Studio Version 17
VisualStudioVersion = 17.12.35323.107
MinimumVisualStudioVersion = 10.0.40219.1
Project("{FAE04EC0-301F-11D3-BF4B-00C04F79EFBC}") = "Task 1", "Task 1.csproj", "{42790C7D-87F7-47AA-B2AF-EC88BF0E3F9E}"
EndProject
Global
	GlobalSection(SolutionConfigurationPlatforms) = preSolution
		Debug|Any CPU = Debug|Any CPU
		Release|Any CPU = Release|Any CPU
	EndGlobalSection
	GlobalSection(ProjectConfigurationPlatforms) = postSolution
		{42790C7D-87F7-47AA-B2AF-EC88BF0E3F9E}.Debug|Any CPU.ActiveCfg = Debug|Any CPU
		{42790C7D-87F7-47AA-B2AF-EC88BF0E3F9E}.Debug|Any CPU.Build.0 = Debug|Any CPU
		{42790C7D-87F7-47AA-B2AF-EC88BF0E3F9E}.Release|Any CPU.ActiveCfg = Release|Any CPU
		{42790C7D-87F7-47AA-B2AF-EC88BF0E3F9E}.Release|Any CPU.Build.0 = Release|Any CPU
	EndGlobalSection
	GlobalSection(SolutionProperties) = preSolution
		HideSolutionNode = FALSE
	EndGlobalSection
	GlobalSection(ExtensibilityGlobals) = postSolution
		SolutionGuid = {B5ED9BCB-7842-408E-8667-A476DF6E2EAA}
	EndGlobalSection
EndGlobal
